{
  "name": "stale-fixture",
  "version": "1.0.0",
  "lockfileVersion": 2,
  "packages": {
    "": {
      "dependencies": {
        "alpha": "^2.0.0"
      }
    },
    "node_modules/alpha": {
      "version": "2.0.1"
    }
  },
  "dependencies": {
    "alpha": {
      "version": "2.0.1"
    }
  }
}
