{
  "name": "npm-fixture",
  "version": "1.0.0",
  "lockfileVersion": 3,
  "requires": true,
  "packages": {
    "": {
      "name": "npm-fixture",
      "version": "1.0.0",
      "dependencies": {
        "alpha": "^1.0.0"
      },
      "optionalDependencies": {
        "beta": "~2.1.0"
      },
      "peerDependencies": {
        "peer-only": "^3.0.0"
      }
    },
    "node_modules/alpha": {
      "version": "1.2.3",
      "integrity": "sha512-fixture-alpha"
    },
    "node_modules/beta": {
      "version": "2.1.4",
      "integrity": "sha512-fixture-beta",
      "optional": true
    }
  }
}
